// !$*UTF8*$!
{
	archiveVersion = 1;
	classes = {
	};
	objectVersion = 48;
	objects = {

/* Begin PBXBuildFile section */
		C9D4D9581F8476CA00D07F7C /* AppDelegate.m in Sources */ = {isa = PBXBuildFile; fileRef = C9D4D9571F8476CA00D07F7C /* AppDelegate.m */; };
		C9D4D95B1F8476CA00D07F7C /* ViewController.m in Sources */ = {isa = PBXBuildFile; fileRef = C9D4D95A1F8476CA00D07F7C /* ViewController.m */; };
		C9D4D95E1F8476CA00D07F7C /* Main.storyboard in Resources */ = {isa = PBXBuildFile; fileRef = C9D4D95C1F8476CA00D07F7C /* Main.storyboard */; };
		C9D4D9601F8476CA00D07F7C /* Assets.xcassets in Resources */ = {isa = PBXBuildFile; fileRef = C9D4D95F1F8476CA00D07F7C /* Assets.xcassets */; };
		C9D4D9631F8476CA00D07F7C /* LaunchScreen.storyboard in Resources */ = {isa = PBXBuildFile; fileRef = C9D4D9611F8476CA00D07F7C /* LaunchScreen.storyboard */; };
		C9D4D9661F8476CA00D07F7C /* main.m in Sources */ = {isa = PBXBuildFile; fileRef = C9D4D9651F8476CA00D07F7C /* main.m */; };
		C9E7C4731F8C627500569CE5 /* PlayersTableViewController.m in Sources */ = {isa = PBXBuildFile; fileRef = C9E7C4721F8C627500569CE5 /* PlayersTableViewController.m */; };
		C9E7C4801F8C6B0F00569CE5 /* Player.m in Sources */ = {isa = PBXBuildFile; fileRef = C9E7C47F1F8C6B0F00569CE5 /* Player.m */; };
		C9E7C4831F8EF16200569CE5 /* PlayerTableViewCell.m in Sources */ = {isa = PBXBuildFile; fileRef = C9E7C4821F8EF16200569CE5 /* PlayerTableViewCell.m */; };
		C9ED398F1F8F00A800A1E10A /* PlayerDetailsViewController.m in Sources */ = {isa = PBXBuildFile; fileRef = C9ED398E1F8F00A800A1E10A /* PlayerDetailsViewController.m */; };
/* End PBXBuildFile section */

/* Begin PBXFileReference section */
		C9D4D9531F8476CA00D07F7C /* Ratings.app */ = {isa = PBXFileReference; explicitFileType = wrapper.application; includeInIndex = 0; path = Ratings.app; sourceTree = BUILT_PRODUCTS_DIR; };
		C9D4D9561F8476CA00D07F7C /* AppDelegate.h */ = {isa = PBXFileReference; lastKnownFileType = sourcecode.c.h; path = AppDelegate.h; sourceTree = "<group>"; };
		C9D4D9571F8476CA00D07F7C /* AppDelegate.m */ = {isa = PBXFileReference; lastKnownFileType = sourcecode.c.objc; path = AppDelegate.m; sourceTree = "<group>"; };
		C9D4D9591F8476CA00D07F7C /* ViewController.h */ = {isa = PBXFileReference; lastKnownFileType = sourcecode.c.h; path = ViewController.h; sourceTree = "<group>"; };
		C9D4D95A1F8476CA00D07F7C /* ViewController.m */ = {isa = PBXFileReference; lastKnownFileType = sourcecode.c.objc; path = ViewController.m; sourceTree = "<group>"; };
		C9D4D95D1F8476CA00D07F7C /* Base */ = {isa = PBXFileReference; lastKnownFileType = file.storyboard; name = Base; path = Base.lproj/Main.storyboard; sourceTree = "<group>"; };
		C9D4D95F1F8476CA00D07F7C /* Assets.xcassets */ = {isa = PBXFileReference; lastKnownFileType = folder.assetcatalog; path = Assets.xcassets; sourceTree = "<group>"; };
		C9D4D9621F8476CA00D07F7C /* Base */ = {isa = PBXFileReference; lastKnownFileType = file.storyboard; name = Base; path = Base.lproj/LaunchScreen.storyboard; sourceTree = "<group>"; };
		C9D4D9641F8476CA00D07F7C /* Info.plist */ = {isa = PBXFileReference; lastKnownFileType = text.plist.xml; path = Info.plist; sourceTree = "<group>"; };
		C9D4D9651F8476CA00D07F7C /* main.m */ = {isa = PBXFileReference; lastKnownFileType = sourcecode.c.objc; path = main.m; sourceTree = "<group>"; };
		C9E7C4711F8C627500569CE5 /* PlayersTableViewController.h */ = {isa = PBXFileReference; lastKnownFileType = sourcecode.c.h; path = PlayersTableViewController.h; sourceTree = "<group>"; };
		C9E7C4721F8C627500569CE5 /* PlayersTableViewController.m */ = {isa = PBXFileReference; lastKnownFileType = sourcecode.c.objc; path = PlayersTableViewController.m; sourceTree = "<group>"; };
		C9E7C47E1F8C6B0F00569CE5 /* Player.h */ = {isa = PBXFileReference; lastKnownFileType = sourcecode.c.h; path = Player.h; sourceTree = "<group>"; };
		C9E7C47F1F8C6B0F00569CE5 /* Player.m */ = {isa = PBXFileReference; lastKnownFileType = sourcecode.c.objc; path = Player.m; sourceTree = "<group>"; };
		C9E7C4811F8EF16200569CE5 /* PlayerTableViewCell.h */ = {isa = PBXFileReference; lastKnownFileType = sourcecode.c.h; path = PlayerTableViewCell.h; sourceTree = "<group>"; };
		C9E7C4821F8EF16200569CE5 /* PlayerTableViewCell.m */ = {isa = PBXFileReference; lastKnownFileType = sourcecode.c.objc; path = PlayerTableViewCell.m; sourceTree = "<group>"; };
		C9ED398D1F8F00A800A1E10A /* PlayerDetailsViewController.h */ = {isa = PBXFileReference; lastKnownFileType = sourcecode.c.h; path = PlayerDetailsViewController.h; sourceTree = "<group>"; };
		C9ED398E1F8F00A800A1E10A /* PlayerDetailsViewController.m */ = {isa = PBXFileReference; lastKnownFileType = sourcecode.c.objc; path = PlayerDetailsViewController.m; sourceTree = "<group>"; };
/* End PBXFileReference section */

/* Begin PBXFrameworksBuildPhase section */
		C9D4D9501F8476CA00D07F7C /* Frameworks */ = {
			isa = PBXFrameworksBuildPhase;
			buildActionMask = 2147483647;
			files = (
			);
			runOnlyForDeploymentPostprocessing = 0;
		};
/* End PBXFrameworksBuildPhase section */

/* Begin PBXGroup section */
		C9D4D94A1F8476CA00D07F7C = {
			isa = PBXGroup;
			children = (
				C9D4D9551F8476CA00D07F7C /* Ratings */,
				C9D4D9541F8476CA00D07F7C /* Products */,
			);
			sourceTree = "<group>";
		};
		C9D4D9541F8476CA00D07F7C /* Products */ = {
			isa = PBXGroup;
			children = (
				C9D4D9531F8476CA00D07F7C /* Ratings.app */,
			);
			name = Products;
			sourceTree = "<group>";
		};
		C9D4D9551F8476CA00D07F7C /* Ratings */ = {
			isa = PBXGroup;
			children = (
				C9E7C4771F8C64CD00569CE5 /* Cells */,
				C9E7C4761F8C64B700569CE5 /* Models */,
				C9E7C4701F8C61E300569CE5 /* ViewControllers */,
				C9D4D9561F8476CA00D07F7C /* AppDelegate.h */,
				C9D4D9571F8476CA00D07F7C /* AppDelegate.m */,
				C9D4D9591F8476CA00D07F7C /* ViewController.h */,
				C9D4D95A1F8476CA00D07F7C /* ViewController.m */,
				C9D4D95C1F8476CA00D07F7C /* Main.storyboard */,
				C9D4D95F1F8476CA00D07F7C /* Assets.xcassets */,
				C9D4D9611F8476CA00D07F7C /* LaunchScreen.storyboard */,
				C9D4D9641F8476CA00D07F7C /* Info.plist */,
				C9D4D9651F8476CA00D07F7C /* main.m */,
			);
			path = Ratings;
			sourceTree = "<group>";
		};
		C9E7C4701F8C61E300569CE5 /* ViewControllers */ = {
			isa = PBXGroup;
			children = (
				C9E7C4711F8C627500569CE5 /* PlayersTableViewController.h */,
				C9E7C4721F8C627500569CE5 /* PlayersTableViewController.m */,
				C9ED398D1F8F00A800A1E10A /* PlayerDetailsViewController.h */,
				C9ED398E1F8F00A800A1E10A /* PlayerDetailsViewController.m */,
			);
			path = ViewControllers;
			sourceTree = "<group>";
		};
		C9E7C4761F8C64B700569CE5 /* Models */ = {
			isa = PBXGroup;
			children = (
				C9E7C47E1F8C6B0F00569CE5 /* Player.h */,
				C9E7C47F1F8C6B0F00569CE5 /* Player.m */,
			);
			path = Models;
			sourceTree = "<group>";
		};
		C9E7C4771F8C64CD00569CE5 /* Cells */ = {
			isa = PBXGroup;
			children = (
				C9E7C4811F8EF16200569CE5 /* PlayerTableViewCell.h */,
				C9E7C4821F8EF16200569CE5 /* PlayerTableViewCell.m */,
			);
			path = Cells;
			sourceTree = "<group>";
		};
/* End PBXGroup section */

/* Begin PBXNativeTarget section */
		C9D4D9521F8476CA00D07F7C /* Ratings */ = {
			isa = PBXNativeTarget;
			buildConfigurationList = C9D4D9691F8476CA00D07F7C /* Build configuration list for PBXNativeTarget "Ratings" */;
			buildPhases = (
				C9D4D94F1F8476CA00D07F7C /* Sources */,
				C9D4D9501F8476CA00D07F7C /* Frameworks */,
				C9D4D9511F8476CA00D07F7C /* Resources */,
			);
			buildRules = (
			);
			dependencies = (
			);
			name = Ratings;
			productName = Ratings;
			productReference = C9D4D9531F8476CA00D07F7C /* Ratings.app */;
			productType = "com.apple.product-type.application";
		};
/* End PBXNativeTarget section */

/* Begin PBXProject section */
		C9D4D94B1F8476CA00D07F7C /* Project object */ = {
			isa = PBXProject;
			attributes = {
				LastUpgradeCheck = 0900;
				ORGANIZATIONNAME = DevF;
				TargetAttributes = {
					C9D4D9521F8476CA00D07F7C = {
						CreatedOnToolsVersion = 9.0;
						ProvisioningStyle = Manual;
					};
				};
			};
			buildConfigurationList = C9D4D94E1F8476CA00D07F7C /* Build configuration list for PBXProject "Ratings" */;
			compatibilityVersion = "Xcode 8.0";
			developmentRegion = en;
			hasScannedForEncodings = 0;
			knownRegions = (
				en,
				Base,
			);
			mainGroup = C9D4D94A1F8476CA00D07F7C;
			productRefGroup = C9D4D9541F8476CA00D07F7C /* Products */;
			projectDirPath = "";
			projectRoot = "";
			targets = (
				C9D4D9521F8476CA00D07F7C /* Ratings */,
			);
		};
/* End PBXProject section */

/* Begin PBXResourcesBuildPhase section */
		C9D4D9511F8476CA00D07F7C /* Resources */ = {
			isa = PBXResourcesBuildPhase;
			buildActionMask = 2147483647;
			files = (
				C9D4D9631F8476CA00D07F7C /* LaunchScreen.storyboard in Resources */,
				C9D4D9601F8476CA00D07F7C /* Assets.xcassets in Resources */,
				C9D4D95E1F8476CA00D07F7C /* Main.storyboard in Resources */,
			);
			runOnlyForDeploymentPostprocessing = 0;
		};
/* End PBXResourcesBuildPhase section */

/* Begin PBXSourcesBuildPhase section */
		C9D4D94F1F8476CA00D07F7C /* Sources */ = {
			isa = PBXSourcesBuildPhase;
			buildActionMask = 2147483647;
			files = (
				C9D4D95B1F8476CA00D07F7C /* ViewController.m in Sources */,
				C9D4D9661F8476CA00D07F7C /* main.m in Sources */,
				C9E7C4831F8EF16200569CE5 /* PlayerTableViewCell.m in Sources */,
				C9E7C4731F8C627500569CE5 /* PlayersTableViewController.m in Sources */,
				C9D4D9581F8476CA00D07F7C /* AppDelegate.m in Sources */,
				C9E7C4801F8C6B0F00569CE5 /* Player.m in Sources */,
				C9ED398F1F8F00A800A1E10A /* PlayerDetailsViewController.m in Sources */,
			);
			runOnlyForDeploymentPostprocessing = 0;
		};
/* End PBXSourcesBuildPhase section */

/* Begin PBXVariantGroup section */
		C9D4D95C1F8476CA00D07F7C /* Main.storyboard */ = {
			isa = PBXVariantGroup;
			children = (
				C9D4D95D1F8476CA00D07F7C /* Base */,
			);
			name = Main.storyboard;
			sourceTree = "<group>";
		};
		C9D4D9611F8476CA00D07F7C /* LaunchScreen.storyboard */ = {
			isa = PBXVariantGroup;
			children = (
				C9D4D9621F8476CA00D07F7C /* Base */,
			);
			name = LaunchScreen.storyboard;
			sourceTree = "<group>";
		};
/* End PBXVariantGroup section */

/* Begin XCBuildConfiguration section */
		C9D4D9671F8476CA00D07F7C /* Debug */ = {
			isa = XCBuildConfiguration;
			buildSettings = {
				ALWAYS_SEARCH_USER_PATHS = NO;
				CLANG_ANALYZER_NONNULL = YES;
				CLANG_ANALYZER_NUMBER_OBJECT_CONVERSION = YES_AGGRESSIVE;
				CLANG_CXX_LANGUAGE_STANDARD = "gnu++14";
				CLANG_CXX_LIBRARY = "libc++";
				CLANG_ENABLE_MODULES = YES;
				CLANG_ENABLE_OBJC_ARC = YES;
				CLANG_WARN_BLOCK_CAPTURE_AUTORELEASING = YES;
				CLANG_WARN_BOOL_CONVERSION = YES;
				CLANG_WARN_COMMA = YES;
				CLANG_WARN_CONSTANT_CONVERSION = YES;
				CLANG_WARN_DIRECT_OBJC_ISA_USAGE = YES_ERROR;
				CLANG_WARN_DOCUMENTATION_COMMENTS = YES;
				CLANG_WARN_EMPTY_BODY = YES;
				CLANG_WARN_ENUM_CONVERSION = YES;
				CLANG_WARN_INFINITE_RECURSION = YES;
				CLANG_WARN_INT_CONVERSION = YES;
				CLANG_WARN_NON_LITERAL_NULL_CONVERSION = YES;
				CLANG_WARN_OBJC_LITERAL_CONVERSION = YES;
				CLANG_WARN_OBJC_ROOT_CLASS = YES_ERROR;
				CLANG_WARN_RANGE_LOOP_ANALYSIS = YES;
				CLANG_WARN_STRICT_PROTOTYPES = YES;
				CLANG_WARN_SUSPICIOUS_MOVE = YES;
				CLANG_WARN_UNGUARDED_AVAILABILITY = YES_AGGRESSIVE;
				CLANG_WARN_UNREACHABLE_CODE = YES;
				CLANG_WARN__DUPLICATE_METHOD_MATCH = YES;
				CODE_SIGN_IDENTITY = "iPhone Developer";
				COPY_PHASE_STRIP = NO;
				DEBUG_INFORMATION_FORMAT = dwarf;
				ENABLE_STRICT_OBJC_MSGSEND = YES;
				ENABLE_TESTABILITY = YES;
				GCC_C_LANGUAGE_STANDARD = gnu11;
				GCC_DYNAMIC_NO_PIC = NO;
				GCC_NO_COMMON_BLOCKS = YES;
				GCC_OPTIMIZATION_LEVEL = 0;
				GCC_PREPROCESSOR_DEFINITIONS = (
					"DEBUG=1",
					"$(inherited)",
				);
				GCC_WARN_64_TO_32_BIT_CONVERSION = YES;
				GCC_WARN_ABOUT_RETURN_TYPE = YES_ERROR;
				GCC_WARN_UNDECLARED_SELECTOR = YES;
				GCC_WARN_UNINITIALIZED_AUTOS = YES_AGGRESSIVE;
				GCC_WARN_UNUSED_FUNCTION = YES;
				GCC_WARN_UNUSED_VARIABLE = YES;
				IPHONEOS_DEPLOYMENT_TARGET = 11.0;
				MTL_ENABLE_DEBUG_INFO = YES;
				ONLY_ACTIVE_ARCH = YES;
				SDKROOT = iphoneos;
			};
			name = Debug;
		};
		C9D4D9681F8476CA00D07F7C /* Release */ = {
			isa = XCBuildConfiguration;
			buildSettings = {
				ALWAYS_SEARCH_USER_PATHS = NO;
				CLANG_ANALYZER_NONNULL = YES;
				CLANG_ANALYZER_NUMBER_OBJECT_CONVERSION = YES_AGGRESSIVE;
				CLANG_CXX_LANGUAGE_STANDARD = "gnu++14";
				CLANG_CXX_LIBRARY = "libc++";
				CLANG_ENABLE_MODULES = YES;
				CLANG_ENABLE_OBJC_ARC = YES;
				CLANG_WARN_BLOCK_CAPTURE_AUTORELEASING = YES;
				CLANG_WARN_BOOL_CONVERSION = YES;
				CLANG_WARN_COMMA = YES;
				CLANG_WARN_CONSTANT_CONVERSION = YES;
				CLANG_WARN_DIRECT_OBJC_ISA_USAGE = YES_ERROR;
				CLANG_WARN_DOCUMENTATION_COMMENTS = YES;
				CLANG_WARN_EMPTY_BODY = YES;
				CLANG_WARN_ENUM_CONVERSION = YES;
				CLANG_WARN_INFINITE_RECURSION = YES;
				CLANG_WARN_INT_CONVERSION = YES;
				CLANG_WARN_NON_LITERAL_NULL_CONVERSION = YES;
				CLANG_WARN_OBJC_LITERAL_CONVERSION = YES;
				CLANG_WARN_OBJC_ROOT_CLASS = YES_ERROR;
				CLANG_WARN_RANGE_LOOP_ANALYSIS = YES;
				CLANG_WARN_STRICT_PROTOTYPES = YES;
				CLANG_WARN_SUSPICIOUS_MOVE = YES;
				CLANG_WARN_UNGUARDED_AVAILABILITY = YES_AGGRESSIVE;
				CLANG_WARN_UNREACHABLE_CODE = YES;
				CLANG_WARN__DUPLICATE_METHOD_MATCH = YES;
				CODE_SIGN_IDENTITY = "iPhone Developer";
				COPY_PHASE_STRIP = NO;
				DEBUG_INFORMATION_FORMAT = "dwarf-with-dsym";
				ENABLE_NS_ASSERTIONS = NO;
				ENABLE_STRICT_OBJC_MSGSEND = YES;
				GCC_C_LANGUAGE_STANDARD = gnu11;
				GCC_NO_COMMON_BLOCKS = YES;
				GCC_WARN_64_TO_32_BIT_CONVERSION = YES;
				GCC_WARN_ABOUT_RETURN_TYPE = YES_ERROR;
				GCC_WARN_UNDECLARED_SELECTOR = YES;
				GCC_WARN_UNINITIALIZED_AUTOS = YES_AGGRESSIVE;
				GCC_WARN_UNUSED_FUNCTION = YES;
				GCC_WARN_UNUSED_VARIABLE = YES;
				IPHONEOS_DEPLOYMENT_TARGET = 11.0;
				MTL_ENABLE_DEBUG_INFO = NO;
				SDKROOT = iphoneos;
				VALIDATE_PRODUCT = YES;
			};
			name = Release;
		};
		C9D4D96A1F8476CA00D07F7C /* Debug */ = {
			isa = XCBuildConfiguration;
			buildSettings = {
				ASSETCATALOG_COMPILER_APPICON_NAME = AppIcon;
				CODE_SIGN_STYLE = Manual;
				DEVELOPMENT_TEAM = "";
				INFOPLIST_FILE = Ratings/Info.plist;
				LD_RUNPATH_SEARCH_PATHS = "$(inherited) @executable_path/Frameworks";
				PRODUCT_BUNDLE_IDENTIFIER = mx.devf.Ratings;
				PRODUCT_NAME = "$(TARGET_NAME)";
				PROVISIONING_PROFILE_SPECIFIER = "";
				TARGETED_DEVICE_FAMILY = "1,2";
			};
			name = Debug;
		};
		C9D4D96B1F8476CA00D07F7C /* Release */ = {
			isa = XCBuildConfiguration;
			buildSettings = {
				ASSETCATALOG_COMPILER_APPICON_NAME = AppIcon;
				CODE_SIGN_STYLE = Manual;
				DEVELOPMENT_TEAM = "";
				INFOPLIST_FILE = Ratings/Info.plist;
				LD_RUNPATH_SEARCH_PATHS = "$(inherited) @executable_path/Frameworks";
				PRODUCT_BUNDLE_IDENTIFIER = mx.devf.Ratings;
				PRODUCT_NAME = "$(TARGET_NAME)";
				PROVISIONING_PROFILE_SPECIFIER = "";
				TARGETED_DEVICE_FAMILY = "1,2";
			};
			name = Release;
		};
/* End XCBuildConfiguration section */

/* Begin XCConfigurationList section */
		C9D4D94E1F8476CA00D07F7C /* Build configuration list for PBXProject "Ratings" */ = {
			isa = XCConfigurationList;
			buildConfigurations = (
				C9D4D9671F8476CA00D07F7C /* Debug */,
				C9D4D9681F8476CA00D07F7C /* Release */,
			);
			defaultConfigurationIsVisible = 0;
			defaultConfigurationName = Release;
		};
		C9D4D9691F8476CA00D07F7C /* Build configuration list for PBXNativeTarget "Ratings" */ = {
			isa = XCConfigurationList;
			buildConfigurations = (
				C9D4D96A1F8476CA00D07F7C /* Debug */,
				C9D4D96B1F8476CA00D07F7C /* Release */,
			);
			defaultConfigurationIsVisible = 0;
			defaultConfigurationName = Release;
		};
/* End XCConfigurationList section */
	};
	rootObject = C9D4D94B1F8476CA00D07F7C /* Project object */;
}
